
Microsoft Visual Studio Solution File, Format Version 12.00
# Visual Studio 15
VisualStudioVersion = 15.0.28307.271
MinimumVisualStudioVersion = 10.0.40219.1
Project("{9A19103F-16F7-4668-BE54-9A1E7A4F7556}") = "CozyWebUI", "CozyWebUI\CozyWebUI.csproj", "{D1A18B80-CD23-4CA0-BDC2-1793C34E7FD5}"
EndProject
Project("{9A19103F-16F7-4668-BE54-9A1E7A4F7556}") = "Cozy.Domain", "Cozy.Domain\Cozy.Domain.csproj", "{F680C3A5-3BE6-417B-B1DD-9E402597D605}"
EndProject
Project("{9A19103F-16F7-4668-BE54-9A1E7A4F7556}") = "Cozy.Data", "Cozy.Data\Cozy.Data.csproj", "{E8461C65-EB4E-4ABE-A80A-CF5FEC53316B}"
EndProject
Project("{FAE04EC0-301F-11D3-BF4B-00C04F79EFBC}") = "Cozy.Service", "Cozy.Service\Cozy.Service.csproj", "{159F4A56-BA19-4182-B293-28030EFDA56A}"
EndProject
Global
	GlobalSection(SolutionConfigurationPlatforms) = preSolution
		Debug|Any CPU = Debug|Any CPU
		Release|Any CPU = Release|Any CPU
	EndGlobalSection
	GlobalSection(ProjectConfigurationPlatforms) = postSolution
		{D1A18B80-CD23-4CA0-BDC2-1793C34E7FD5}.Debug|Any CPU.ActiveCfg = Debug|Any CPU
		{D1A18B80-CD23-4CA0-BDC2-1793C34E7FD5}.Debug|Any CPU.Build.0 = Debug|Any CPU
		{D1A18B80-CD23-4CA0-BDC2-1793C34E7FD5}.Release|Any CPU.ActiveCfg = Release|Any CPU
		{D1A18B80-CD23-4CA0-BDC2-1793C34E7FD5}.Release|Any CPU.Build.0 = Release|Any CPU
		{F680C3A5-3BE6-417B-B1DD-9E402597D605}.Debug|Any CPU.ActiveCfg = Debug|Any CPU
		{F680C3A5-3BE6-417B-B1DD-9E402597D605}.Debug|Any CPU.Build.0 = Debug|Any CPU
		{F680C3A5-3BE6-417B-B1DD-9E402597D605}.Release|Any CPU.ActiveCfg = Release|Any CPU
		{F680C3A5-3BE6-417B-B1DD-9E402597D605}.Release|Any CPU.Build.0 = Release|Any CPU
		{E8461C65-EB4E-4ABE-A80A-CF5FEC53316B}.Debug|Any CPU.ActiveCfg = Debug|Any CPU
		{E8461C65-EB4E-4ABE-A80A-CF5FEC53316B}.Debug|Any CPU.Build.0 = Debug|Any CPU
		{E8461C65-EB4E-4ABE-A80A-CF5FEC53316B}.Release|Any CPU.ActiveCfg = Release|Any CPU
		{E8461C65-EB4E-4ABE-A80A-CF5FEC53316B}.Release|Any CPU.Build.0 = Release|Any CPU
		{159F4A56-BA19-4182-B293-28030EFDA56A}.Debug|Any CPU.ActiveCfg = Debug|Any CPU
		{159F4A56-BA19-4182-B293-28030EFDA56A}.Debug|Any CPU.Build.0 = Debug|Any CPU
		{159F4A56-BA19-4182-B293-28030EFDA56A}.Release|Any CPU.ActiveCfg = Release|Any CPU
		{159F4A56-BA19-4182-B293-28030EFDA56A}.Release|Any CPU.Build.0 = Release|Any CPU
	EndGlobalSection
	GlobalSection(SolutionProperties) = preSolution
		HideSolutionNode = FALSE
	EndGlobalSection
	GlobalSection(ExtensibilityGlobals) = postSolution
		SolutionGuid = {45942DF4-936C-4868-B103-069032FC2AE9}
	EndGlobalSection
EndGlobal
